
Microsoft Visual Studio Solution File, Format Version 12.00
# Visual Studio Version 17
VisualStudioVersion = 17.3.32929.385
MinimumVisualStudioVersion = 10.0.40219.1
Project("{9A19103F-16F7-4668-BE54-9A1E7A4F7556}") = "libvt100", "src\libvt100.csproj", "{1207872C-AD4D-4EEE-B222-B55904B6D488}"
EndProject
Project("{FAE04EC0-301F-11D3-BF4B-00C04F79EFBC}") = "UnitTest", "tests\UnitTest.csproj", "{0B7E0C27-FF5D-4FDF-9E3C-3ABC882324FE}"
	ProjectSection(ProjectDependencies) = postProject
		{1207872C-AD4D-4EEE-B222-B55904B6D488} = {1207872C-AD4D-4EEE-B222-B55904B6D488}
	EndProjectSection
EndProject
Project("{2150E333-8FDC-42A3-9474-1A3956D46DE8}") = "src", "src", "{7E473BC0-BF2F-45F4-8FBD-0BD670A50F8A}"
EndProject
Project("{2150E333-8FDC-42A3-9474-1A3956D46DE8}") = "tests", "tests", "{4A856524-7352-4EB3-8D18-DA968B38A9E4}"
EndProject
Project("{2150E333-8FDC-42A3-9474-1A3956D46DE8}") = "vt100render", "vt100render", "{470CD4C7-2689-4571-AAAF-8D0310651420}"
EndProject
Project("{FAE04EC0-301F-11D3-BF4B-00C04F79EFBC}") = "vt100render", "vt100render\vt100render.csproj", "{CEE0F154-37B5-4070-B75A-6372CB29555C}"
EndProject
Project("{2150E333-8FDC-42A3-9474-1A3956D46DE8}") = "Solution Items", "Solution Items", "{ADDE485C-2811-4A0A-9C21-3892C8731C5E}"
	ProjectSection(SolutionItems) = preProject
		.gitignore = .gitignore
	EndProjectSection
EndProject
Global
	GlobalSection(SolutionConfigurationPlatforms) = preSolution
		Debug|Any CPU = Debug|Any CPU
		Release|Any CPU = Release|Any CPU
	EndGlobalSection
	GlobalSection(ProjectConfigurationPlatforms) = postSolution
		{1207872C-AD4D-4EEE-B222-B55904B6D488}.Debug|Any CPU.ActiveCfg = Debug|Any CPU
		{1207872C-AD4D-4EEE-B222-B55904B6D488}.Debug|Any CPU.Build.0 = Debug|Any CPU
		{1207872C-AD4D-4EEE-B222-B55904B6D488}.Release|Any CPU.ActiveCfg = Release|Any CPU
		{1207872C-AD4D-4EEE-B222-B55904B6D488}.Release|Any CPU.Build.0 = Release|Any CPU
		{0B7E0C27-FF5D-4FDF-9E3C-3ABC882324FE}.Debug|Any CPU.ActiveCfg = Debug|Any CPU
		{0B7E0C27-FF5D-4FDF-9E3C-3ABC882324FE}.Debug|Any CPU.Build.0 = Debug|Any CPU
		{0B7E0C27-FF5D-4FDF-9E3C-3ABC882324FE}.Release|Any CPU.ActiveCfg = Release|Any CPU
		{0B7E0C27-FF5D-4FDF-9E3C-3ABC882324FE}.Release|Any CPU.Build.0 = Release|Any CPU
		{CEE0F154-37B5-4070-B75A-6372CB29555C}.Debug|Any CPU.ActiveCfg = Debug|Any CPU
		{CEE0F154-37B5-4070-B75A-6372CB29555C}.Debug|Any CPU.Build.0 = Debug|Any CPU
		{CEE0F154-37B5-4070-B75A-6372CB29555C}.Release|Any CPU.ActiveCfg = Release|Any CPU
		{CEE0F154-37B5-4070-B75A-6372CB29555C}.Release|Any CPU.Build.0 = Release|Any CPU
	EndGlobalSection
	GlobalSection(SolutionProperties) = preSolution
		HideSolutionNode = FALSE
	EndGlobalSection
	GlobalSection(NestedProjects) = preSolution
		{1207872C-AD4D-4EEE-B222-B55904B6D488} = {7E473BC0-BF2F-45F4-8FBD-0BD670A50F8A}
		{0B7E0C27-FF5D-4FDF-9E3C-3ABC882324FE} = {4A856524-7352-4EB3-8D18-DA968B38A9E4}
		{CEE0F154-37B5-4070-B75A-6372CB29555C} = {470CD4C7-2689-4571-AAAF-8D0310651420}
	EndGlobalSection
	GlobalSection(ExtensibilityGlobals) = postSolution
		SolutionGuid = {7183AD12-77D0-4220-8859-2F28AF471E0B}
	EndGlobalSection
EndGlobal
